
Microsoft Visual Studio Solution File, Format Version 12.00
# Visual Studio Version 16
VisualStudioVersion = 16.0.31402.337
MinimumVisualStudioVersion = 10.0.40219.1
Project("{9A19103F-16F7-4668-BE54-9A1E7A4F7556}") = "MovieApi.API", "MovieApi\MovieApi.API.csproj", "{2BBF3676-3206-4368-BBD3-9E469624690B}"
	ProjectSection(ProjectDependencies) = postProject
		{2FAEA84D-DBF1-4788-AA67-3DCF99F8DE6A} = {2FAEA84D-DBF1-4788-AA67-3DCF99F8DE6A}
		{0F2570AD-3BD9-4E1A-93FC-621DBB1C07CB} = {0F2570AD-3BD9-4E1A-93FC-621DBB1C07CB}
	EndProjectSection
EndProject
Project("{9A19103F-16F7-4668-BE54-9A1E7A4F7556}") = "MovieApi.Models", "MovieApi.Models\MovieApi.Models.csproj", "{0F2570AD-3BD9-4E1A-93FC-621DBB1C07CB}"
EndProject
Project("{FAE04EC0-301F-11D3-BF4B-00C04F79EFBC}") = "MovieApi.DAL", "MovieApi.DAL\MovieApi.DAL.csproj", "{2FAEA84D-DBF1-4788-AA67-3DCF99F8DE6A}"
EndProject
Project("{FAE04EC0-301F-11D3-BF4B-00C04F79EFBC}") = "MovieApi.Services", "Movie.Services\MovieApi.Services.csproj", "{D2F7B871-543B-437D-B191-47290314929F}"
EndProject
Global
	GlobalSection(SolutionConfigurationPlatforms) = preSolution
		Debug|Any CPU = Debug|Any CPU
		Debug|x64 = Debug|x64
		Debug|x86 = Debug|x86
		Release|Any CPU = Release|Any CPU
		Release|x64 = Release|x64
		Release|x86 = Release|x86
	EndGlobalSection
	GlobalSection(ProjectConfigurationPlatforms) = postSolution
		{2BBF3676-3206-4368-BBD3-9E469624690B}.Debug|Any CPU.ActiveCfg = Debug|Any CPU
		{2BBF3676-3206-4368-BBD3-9E469624690B}.Debug|Any CPU.Build.0 = Debug|Any CPU
		{2BBF3676-3206-4368-BBD3-9E469624690B}.Debug|x64.ActiveCfg = Debug|Any CPU
		{2BBF3676-3206-4368-BBD3-9E469624690B}.Debug|x64.Build.0 = Debug|Any CPU
		{2BBF3676-3206-4368-BBD3-9E469624690B}.Debug|x86.ActiveCfg = Debug|Any CPU
		{2BBF3676-3206-4368-BBD3-9E469624690B}.Debug|x86.Build.0 = Debug|Any CPU
		{2BBF3676-3206-4368-BBD3-9E469624690B}.Release|Any CPU.ActiveCfg = Release|Any CPU
		{2BBF3676-3206-4368-BBD3-9E469624690B}.Release|Any CPU.Build.0 = Release|Any CPU
		{2BBF3676-3206-4368-BBD3-9E469624690B}.Release|x64.ActiveCfg = Release|Any CPU
		{2BBF3676-3206-4368-BBD3-9E469624690B}.Release|x64.Build.0 = Release|Any CPU
		{2BBF3676-3206-4368-BBD3-9E469624690B}.Release|x86.ActiveCfg = Release|Any CPU
		{2BBF3676-3206-4368-BBD3-9E469624690B}.Release|x86.Build.0 = Release|Any CPU
		{0F2570AD-3BD9-4E1A-93FC-621DBB1C07CB}.Debug|Any CPU.ActiveCfg = Debug|Any CPU
		{0F2570AD-3BD9-4E1A-93FC-621DBB1C07CB}.Debug|Any CPU.Build.0 = Debug|Any CPU
		{0F2570AD-3BD9-4E1A-93FC-621DBB1C07CB}.Debug|x64.ActiveCfg = Debug|Any CPU
		{0F2570AD-3BD9-4E1A-93FC-621DBB1C07CB}.Debug|x64.Build.0 = Debug|Any CPU
		{0F2570AD-3BD9-4E1A-93FC-621DBB1C07CB}.Debug|x86.ActiveCfg = Debug|Any CPU
		{0F2570AD-3BD9-4E1A-93FC-621DBB1C07CB}.Debug|x86.Build.0 = Debug|Any CPU
		{0F2570AD-3BD9-4E1A-93FC-621DBB1C07CB}.Release|Any CPU.ActiveCfg = Release|Any CPU
		{0F2570AD-3BD9-4E1A-93FC-621DBB1C07CB}.Release|Any CPU.Build.0 = Release|Any CPU
		{0F2570AD-3BD9-4E1A-93FC-621DBB1C07CB}.Release|x64.ActiveCfg = Release|Any CPU
		{0F2570AD-3BD9-4E1A-93FC-621DBB1C07CB}.Release|x64.Build.0 = Release|Any CPU
		{0F2570AD-3BD9-4E1A-93FC-621DBB1C07CB}.Release|x86.ActiveCfg = Release|Any CPU
		{0F2570AD-3BD9-4E1A-93FC-621DBB1C07CB}.Release|x86.Build.0 = Release|Any CPU
		{2FAEA84D-DBF1-4788-AA67-3DCF99F8DE6A}.Debug|Any CPU.ActiveCfg = Debug|Any CPU
		{2FAEA84D-DBF1-4788-AA67-3DCF99F8DE6A}.Debug|Any CPU.Build.0 = Debug|Any CPU
		{2FAEA84D-DBF1-4788-AA67-3DCF99F8DE6A}.Debug|x64.ActiveCfg = Debug|Any CPU
		{2FAEA84D-DBF1-4788-AA67-3DCF99F8DE6A}.Debug|x64.Build.0 = Debug|Any CPU
		{2FAEA84D-DBF1-4788-AA67-3DCF99F8DE6A}.Debug|x86.ActiveCfg = Debug|Any CPU
		{2FAEA84D-DBF1-4788-AA67-3DCF99F8DE6A}.Debug|x86.Build.0 = Debug|Any CPU
		{2FAEA84D-DBF1-4788-AA67-3DCF99F8DE6A}.Release|Any CPU.ActiveCfg = Release|Any CPU
		{2FAEA84D-DBF1-4788-AA67-3DCF99F8DE6A}.Release|Any CPU.Build.0 = Release|Any CPU
		{2FAEA84D-DBF1-4788-AA67-3DCF99F8DE6A}.Release|x64.ActiveCfg = Release|Any CPU
		{2FAEA84D-DBF1-4788-AA67-3DCF99F8DE6A}.Release|x64.Build.0 = Release|Any CPU
		{2FAEA84D-DBF1-4788-AA67-3DCF99F8DE6A}.Release|x86.ActiveCfg = Release|Any CPU
		{2FAEA84D-DBF1-4788-AA67-3DCF99F8DE6A}.Release|x86.Build.0 = Release|Any CPU
		{D2F7B871-543B-437D-B191-47290314929F}.Debug|Any CPU.ActiveCfg = Debug|Any CPU
		{D2F7B871-543B-437D-B191-47290314929F}.Debug|Any CPU.Build.0 = Debug|Any CPU
		{D2F7B871-543B-437D-B191-47290314929F}.Debug|x64.ActiveCfg = Debug|Any CPU
		{D2F7B871-543B-437D-B191-47290314929F}.Debug|x64.Build.0 = Debug|Any CPU
		{D2F7B871-543B-437D-B191-47290314929F}.Debug|x86.ActiveCfg = Debug|Any CPU
		{D2F7B871-543B-437D-B191-47290314929F}.Debug|x86.Build.0 = Debug|Any CPU
		{D2F7B871-543B-437D-B191-47290314929F}.Release|Any CPU.ActiveCfg = Release|Any CPU
		{D2F7B871-543B-437D-B191-47290314929F}.Release|Any CPU.Build.0 = Release|Any CPU
		{D2F7B871-543B-437D-B191-47290314929F}.Release|x64.ActiveCfg = Release|Any CPU
		{D2F7B871-543B-437D-B191-47290314929F}.Release|x64.Build.0 = Release|Any CPU
		{D2F7B871-543B-437D-B191-47290314929F}.Release|x86.ActiveCfg = Release|Any CPU
		{D2F7B871-543B-437D-B191-47290314929F}.Release|x86.Build.0 = Release|Any CPU
	EndGlobalSection
	GlobalSection(SolutionProperties) = preSolution
		HideSolutionNode = FALSE
	EndGlobalSection
	GlobalSection(ExtensibilityGlobals) = postSolution
		SolutionGuid = {CF170E44-FF55-4089-A7B8-D8595AFD7BF7}
	EndGlobalSection
EndGlobal
